
Microsoft Visual Studio Solution File, Format Version 12.00
# Visual Studio 15
VisualStudioVersion = 15.0.27130.2036
MinimumVisualStudioVersion = 10.0.40219.1
Project("{2150E333-8FDC-42A3-9474-1A3956D46DE8}") = "MessageSocket", "MessageSocket", "{334C88FF-7847-4823-8ABE-ABB9E6B2FB37}"
EndProject
Project("{9A19103F-16F7-4668-BE54-9A1E7A4F7556}") = "MessageSocket.Server", "MessageSocket.Server\MessageSocket.Server.csproj", "{773DA7CF-F485-4979-ACB4-33B52862D8E3}"
EndProject
Project("{9A19103F-16F7-4668-BE54-9A1E7A4F7556}") = "MessageSocket.Client", "MessageSocket.Client\MessageSocket.Client.csproj", "{091ABEDD-9BF9-4039-AE66-3F8017013164}"
EndProject
Project("{9A19103F-16F7-4668-BE54-9A1E7A4F7556}") = "MessageSocket.Tests", "MessageSocket.Tests\MessageSocket.Tests.csproj", "{F4099BA0-FFC8-4AB0-9071-78ACF6CB1FCC}"
EndProject
Project("{9A19103F-16F7-4668-BE54-9A1E7A4F7556}") = "MessageSocket.TestAppServer", "MessageSocket.TestAppServer\MessageSocket.TestAppServer.csproj", "{F4DDB55C-A241-442C-AED7-53B3095702FC}"
EndProject
Project("{9A19103F-16F7-4668-BE54-9A1E7A4F7556}") = "MessageSocket.Net", "MessageSocket.Net\MessageSocket.Net.csproj", "{5CC149AB-8A89-42E2-8D85-32C4B31B5F79}"
EndProject
Project("{9A19103F-16F7-4668-BE54-9A1E7A4F7556}") = "MessageSocket.TestAppClient", "MessageSocket.TestAppClient\MessageSocket.TestAppClient.csproj", "{206C9EB6-5085-4F65-BD83-663DFF707E94}"
EndProject
Project("{2150E333-8FDC-42A3-9474-1A3956D46DE8}") = "Test", "Test", "{CF1A116E-3D3D-4C61-A556-414716793C08}"
EndProject
Project("{9A19103F-16F7-4668-BE54-9A1E7A4F7556}") = "MessageSocket.Common", "MessageSocket.Common\MessageSocket.Common.csproj", "{F4FA08FD-43C8-4C97-A5A3-BDF1FA34BDCE}"
EndProject
Project("{9A19103F-16F7-4668-BE54-9A1E7A4F7556}") = "MessageSocket.Test.Message", "MessageSocket.Test.Message\MessageSocket.Test.Message.csproj", "{3FCD2CBE-1E86-4970-AA9B-9E80434FB4E4}"
EndProject
Global
	GlobalSection(SolutionConfigurationPlatforms) = preSolution
		Ad-Hoc|Any CPU = Ad-Hoc|Any CPU
		Ad-Hoc|iPhone = Ad-Hoc|iPhone
		Ad-Hoc|iPhoneSimulator = Ad-Hoc|iPhoneSimulator
		Ad-Hoc|x64 = Ad-Hoc|x64
		Ad-Hoc|x86 = Ad-Hoc|x86
		AppStore|Any CPU = AppStore|Any CPU
		AppStore|iPhone = AppStore|iPhone
		AppStore|iPhoneSimulator = AppStore|iPhoneSimulator
		AppStore|x64 = AppStore|x64
		AppStore|x86 = AppStore|x86
		Debug|Any CPU = Debug|Any CPU
		Debug|iPhone = Debug|iPhone
		Debug|iPhoneSimulator = Debug|iPhoneSimulator
		Debug|x64 = Debug|x64
		Debug|x86 = Debug|x86
		Release|Any CPU = Release|Any CPU
		Release|iPhone = Release|iPhone
		Release|iPhoneSimulator = Release|iPhoneSimulator
		Release|x64 = Release|x64
		Release|x86 = Release|x86
	EndGlobalSection
	GlobalSection(ProjectConfigurationPlatforms) = postSolution
		{773DA7CF-F485-4979-ACB4-33B52862D8E3}.Ad-Hoc|Any CPU.ActiveCfg = Debug|Any CPU
		{773DA7CF-F485-4979-ACB4-33B52862D8E3}.Ad-Hoc|Any CPU.Build.0 = Debug|Any CPU
		{773DA7CF-F485-4979-ACB4-33B52862D8E3}.Ad-Hoc|iPhone.ActiveCfg = Debug|Any CPU
		{773DA7CF-F485-4979-ACB4-33B52862D8E3}.Ad-Hoc|iPhone.Build.0 = Debug|Any CPU
		{773DA7CF-F485-4979-ACB4-33B52862D8E3}.Ad-Hoc|iPhoneSimulator.ActiveCfg = Debug|Any CPU
		{773DA7CF-F485-4979-ACB4-33B52862D8E3}.Ad-Hoc|iPhoneSimulator.Build.0 = Debug|Any CPU
		{773DA7CF-F485-4979-ACB4-33B52862D8E3}.Ad-Hoc|x64.ActiveCfg = Debug|Any CPU
		{773DA7CF-F485-4979-ACB4-33B52862D8E3}.Ad-Hoc|x64.Build.0 = Debug|Any CPU
		{773DA7CF-F485-4979-ACB4-33B52862D8E3}.Ad-Hoc|x86.ActiveCfg = Debug|Any CPU
		{773DA7CF-F485-4979-ACB4-33B52862D8E3}.Ad-Hoc|x86.Build.0 = Debug|Any CPU
		{773DA7CF-F485-4979-ACB4-33B52862D8E3}.AppStore|Any CPU.ActiveCfg = Debug|Any CPU
		{773DA7CF-F485-4979-ACB4-33B52862D8E3}.AppStore|Any CPU.Build.0 = Debug|Any CPU
		{773DA7CF-F485-4979-ACB4-33B52862D8E3}.AppStore|iPhone.ActiveCfg = Debug|Any CPU
		{773DA7CF-F485-4979-ACB4-33B52862D8E3}.AppStore|iPhone.Build.0 = Debug|Any CPU
		{773DA7CF-F485-4979-ACB4-33B52862D8E3}.AppStore|iPhoneSimulator.ActiveCfg = Debug|Any CPU
		{773DA7CF-F485-4979-ACB4-33B52862D8E3}.AppStore|iPhoneSimulator.Build.0 = Debug|Any CPU
		{773DA7CF-F485-4979-ACB4-33B52862D8E3}.AppStore|x64.ActiveCfg = Debug|Any CPU
		{773DA7CF-F485-4979-ACB4-33B52862D8E3}.AppStore|x64.Build.0 = Debug|Any CPU
		{773DA7CF-F485-4979-ACB4-33B52862D8E3}.AppStore|x86.ActiveCfg = Debug|Any CPU
		{773DA7CF-F485-4979-ACB4-33B52862D8E3}.AppStore|x86.Build.0 = Debug|Any CPU
		{773DA7CF-F485-4979-ACB4-33B52862D8E3}.Debug|Any CPU.ActiveCfg = Debug|Any CPU
		{773DA7CF-F485-4979-ACB4-33B52862D8E3}.Debug|Any CPU.Build.0 = Debug|Any CPU
		{773DA7CF-F485-4979-ACB4-33B52862D8E3}.Debug|iPhone.ActiveCfg = Debug|Any CPU
		{773DA7CF-F485-4979-ACB4-33B52862D8E3}.Debug|iPhone.Build.0 = Debug|Any CPU
		{773DA7CF-F485-4979-ACB4-33B52862D8E3}.Debug|iPhoneSimulator.ActiveCfg = Debug|Any CPU
		{773DA7CF-F485-4979-ACB4-33B52862D8E3}.Debug|iPhoneSimulator.Build.0 = Debug|Any CPU
		{773DA7CF-F485-4979-ACB4-33B52862D8E3}.Debug|x64.ActiveCfg = Debug|Any CPU
		{773DA7CF-F485-4979-ACB4-33B52862D8E3}.Debug|x64.Build.0 = Debug|Any CPU
		{773DA7CF-F485-4979-ACB4-33B52862D8E3}.Debug|x86.ActiveCfg = Debug|Any CPU
		{773DA7CF-F485-4979-ACB4-33B52862D8E3}.Debug|x86.Build.0 = Debug|Any CPU
		{773DA7CF-F485-4979-ACB4-33B52862D8E3}.Release|Any CPU.ActiveCfg = Release|Any CPU
		{773DA7CF-F485-4979-ACB4-33B52862D8E3}.Release|Any CPU.Build.0 = Release|Any CPU
		{773DA7CF-F485-4979-ACB4-33B52862D8E3}.Release|iPhone.ActiveCfg = Release|Any CPU
		{773DA7CF-F485-4979-ACB4-33B52862D8E3}.Release|iPhone.Build.0 = Release|Any CPU
		{773DA7CF-F485-4979-ACB4-33B52862D8E3}.Release|iPhoneSimulator.ActiveCfg = Release|Any CPU
		{773DA7CF-F485-4979-ACB4-33B52862D8E3}.Release|iPhoneSimulator.Build.0 = Release|Any CPU
		{773DA7CF-F485-4979-ACB4-33B52862D8E3}.Release|x64.ActiveCfg = Release|Any CPU
		{773DA7CF-F485-4979-ACB4-33B52862D8E3}.Release|x64.Build.0 = Release|Any CPU
		{773DA7CF-F485-4979-ACB4-33B52862D8E3}.Release|x86.ActiveCfg = Release|Any CPU
		{773DA7CF-F485-4979-ACB4-33B52862D8E3}.Release|x86.Build.0 = Release|Any CPU
		{091ABEDD-9BF9-4039-AE66-3F8017013164}.Ad-Hoc|Any CPU.ActiveCfg = Debug|Any CPU
		{091ABEDD-9BF9-4039-AE66-3F8017013164}.Ad-Hoc|Any CPU.Build.0 = Debug|Any CPU
		{091ABEDD-9BF9-4039-AE66-3F8017013164}.Ad-Hoc|iPhone.ActiveCfg = Debug|Any CPU
		{091ABEDD-9BF9-4039-AE66-3F8017013164}.Ad-Hoc|iPhone.Build.0 = Debug|Any CPU
		{091ABEDD-9BF9-4039-AE66-3F8017013164}.Ad-Hoc|iPhoneSimulator.ActiveCfg = Debug|Any CPU
		{091ABEDD-9BF9-4039-AE66-3F8017013164}.Ad-Hoc|iPhoneSimulator.Build.0 = Debug|Any CPU
		{091ABEDD-9BF9-4039-AE66-3F8017013164}.Ad-Hoc|x64.ActiveCfg = Debug|Any CPU
		{091ABEDD-9BF9-4039-AE66-3F8017013164}.Ad-Hoc|x64.Build.0 = Debug|Any CPU
		{091ABEDD-9BF9-4039-AE66-3F8017013164}.Ad-Hoc|x86.ActiveCfg = Debug|Any CPU
		{091ABEDD-9BF9-4039-AE66-3F8017013164}.Ad-Hoc|x86.Build.0 = Debug|Any CPU
		{091ABEDD-9BF9-4039-AE66-3F8017013164}.AppStore|Any CPU.ActiveCfg = Debug|Any CPU
		{091ABEDD-9BF9-4039-AE66-3F8017013164}.AppStore|Any CPU.Build.0 = Debug|Any CPU
		{091ABEDD-9BF9-4039-AE66-3F8017013164}.AppStore|iPhone.ActiveCfg = Debug|Any CPU
		{091ABEDD-9BF9-4039-AE66-3F8017013164}.AppStore|iPhone.Build.0 = Debug|Any CPU
		{091ABEDD-9BF9-4039-AE66-3F8017013164}.AppStore|iPhoneSimulator.ActiveCfg = Debug|Any CPU
		{091ABEDD-9BF9-4039-AE66-3F8017013164}.AppStore|iPhoneSimulator.Build.0 = Debug|Any CPU
		{091ABEDD-9BF9-4039-AE66-3F8017013164}.AppStore|x64.ActiveCfg = Debug|Any CPU
		{091ABEDD-9BF9-4039-AE66-3F8017013164}.AppStore|x64.Build.0 = Debug|Any CPU
		{091ABEDD-9BF9-4039-AE66-3F8017013164}.AppStore|x86.ActiveCfg = Debug|Any CPU
		{091ABEDD-9BF9-4039-AE66-3F8017013164}.AppStore|x86.Build.0 = Debug|Any CPU
		{091ABEDD-9BF9-4039-AE66-3F8017013164}.Debug|Any CPU.ActiveCfg = Debug|Any CPU
		{091ABEDD-9BF9-4039-AE66-3F8017013164}.Debug|Any CPU.Build.0 = Debug|Any CPU
		{091ABEDD-9BF9-4039-AE66-3F8017013164}.Debug|iPhone.ActiveCfg = Debug|Any CPU
		{091ABEDD-9BF9-4039-AE66-3F8017013164}.Debug|iPhone.Build.0 = Debug|Any CPU
		{091ABEDD-9BF9-4039-AE66-3F8017013164}.Debug|iPhoneSimulator.ActiveCfg = Debug|Any CPU
		{091ABEDD-9BF9-4039-AE66-3F8017013164}.Debug|iPhoneSimulator.Build.0 = Debug|Any CPU
		{091ABEDD-9BF9-4039-AE66-3F8017013164}.Debug|x64.ActiveCfg = Debug|Any CPU
		{091ABEDD-9BF9-4039-AE66-3F8017013164}.Debug|x64.Build.0 = Debug|Any CPU
		{091ABEDD-9BF9-4039-AE66-3F8017013164}.Debug|x86.ActiveCfg = Debug|Any CPU
		{091ABEDD-9BF9-4039-AE66-3F8017013164}.Debug|x86.Build.0 = Debug|Any CPU
		{091ABEDD-9BF9-4039-AE66-3F8017013164}.Release|Any CPU.ActiveCfg = Release|Any CPU
		{091ABEDD-9BF9-4039-AE66-3F8017013164}.Release|Any CPU.Build.0 = Release|Any CPU
		{091ABEDD-9BF9-4039-AE66-3F8017013164}.Release|iPhone.ActiveCfg = Release|Any CPU
		{091ABEDD-9BF9-4039-AE66-3F8017013164}.Release|iPhone.Build.0 = Release|Any CPU
		{091ABEDD-9BF9-4039-AE66-3F8017013164}.Release|iPhoneSimulator.ActiveCfg = Release|Any CPU
		{091ABEDD-9BF9-4039-AE66-3F8017013164}.Release|iPhoneSimulator.Build.0 = Release|Any CPU
		{091ABEDD-9BF9-4039-AE66-3F8017013164}.Release|x64.ActiveCfg = Release|Any CPU
		{091ABEDD-9BF9-4039-AE66-3F8017013164}.Release|x64.Build.0 = Release|Any CPU
		{091ABEDD-9BF9-4039-AE66-3F8017013164}.Release|x86.ActiveCfg = Release|Any CPU
		{091ABEDD-9BF9-4039-AE66-3F8017013164}.Release|x86.Build.0 = Release|Any CPU
		{F4099BA0-FFC8-4AB0-9071-78ACF6CB1FCC}.Ad-Hoc|Any CPU.ActiveCfg = Debug|Any CPU
		{F4099BA0-FFC8-4AB0-9071-78ACF6CB1FCC}.Ad-Hoc|Any CPU.Build.0 = Debug|Any CPU
		{F4099BA0-FFC8-4AB0-9071-78ACF6CB1FCC}.Ad-Hoc|iPhone.ActiveCfg = Debug|Any CPU
		{F4099BA0-FFC8-4AB0-9071-78ACF6CB1FCC}.Ad-Hoc|iPhone.Build.0 = Debug|Any CPU
		{F4099BA0-FFC8-4AB0-9071-78ACF6CB1FCC}.Ad-Hoc|iPhoneSimulator.ActiveCfg = Debug|Any CPU
		{F4099BA0-FFC8-4AB0-9071-78ACF6CB1FCC}.Ad-Hoc|iPhoneSimulator.Build.0 = Debug|Any CPU
		{F4099BA0-FFC8-4AB0-9071-78ACF6CB1FCC}.Ad-Hoc|x64.ActiveCfg = Debug|Any CPU
		{F4099BA0-FFC8-4AB0-9071-78ACF6CB1FCC}.Ad-Hoc|x64.Build.0 = Debug|Any CPU
		{F4099BA0-FFC8-4AB0-9071-78ACF6CB1FCC}.Ad-Hoc|x86.ActiveCfg = Debug|Any CPU
		{F4099BA0-FFC8-4AB0-9071-78ACF6CB1FCC}.Ad-Hoc|x86.Build.0 = Debug|Any CPU
		{F4099BA0-FFC8-4AB0-9071-78ACF6CB1FCC}.AppStore|Any CPU.ActiveCfg = Debug|Any CPU
		{F4099BA0-FFC8-4AB0-9071-78ACF6CB1FCC}.AppStore|Any CPU.Build.0 = Debug|Any CPU
		{F4099BA0-FFC8-4AB0-9071-78ACF6CB1FCC}.AppStore|iPhone.ActiveCfg = Debug|Any CPU
		{F4099BA0-FFC8-4AB0-9071-78ACF6CB1FCC}.AppStore|iPhone.Build.0 = Debug|Any CPU
		{F4099BA0-FFC8-4AB0-9071-78ACF6CB1FCC}.AppStore|iPhoneSimulator.ActiveCfg = Debug|Any CPU
		{F4099BA0-FFC8-4AB0-9071-78ACF6CB1FCC}.AppStore|iPhoneSimulator.Build.0 = Debug|Any CPU
		{F4099BA0-FFC8-4AB0-9071-78ACF6CB1FCC}.AppStore|x64.ActiveCfg = Debug|Any CPU
		{F4099BA0-FFC8-4AB0-9071-78ACF6CB1FCC}.AppStore|x64.Build.0 = Debug|Any CPU
		{F4099BA0-FFC8-4AB0-9071-78ACF6CB1FCC}.AppStore|x86.ActiveCfg = Debug|Any CPU
		{F4099BA0-FFC8-4AB0-9071-78ACF6CB1FCC}.AppStore|x86.Build.0 = Debug|Any CPU
		{F4099BA0-FFC8-4AB0-9071-78ACF6CB1FCC}.Debug|Any CPU.ActiveCfg = Debug|Any CPU
		{F4099BA0-FFC8-4AB0-9071-78ACF6CB1FCC}.Debug|Any CPU.Build.0 = Debug|Any CPU
		{F4099BA0-FFC8-4AB0-9071-78ACF6CB1FCC}.Debug|iPhone.ActiveCfg = Debug|Any CPU
		{F4099BA0-FFC8-4AB0-9071-78ACF6CB1FCC}.Debug|iPhone.Build.0 = Debug|Any CPU
		{F4099BA0-FFC8-4AB0-9071-78ACF6CB1FCC}.Debug|iPhoneSimulator.ActiveCfg = Debug|Any CPU
		{F4099BA0-FFC8-4AB0-9071-78ACF6CB1FCC}.Debug|iPhoneSimulator.Build.0 = Debug|Any CPU
		{F4099BA0-FFC8-4AB0-9071-78ACF6CB1FCC}.Debug|x64.ActiveCfg = Debug|Any CPU
		{F4099BA0-FFC8-4AB0-9071-78ACF6CB1FCC}.Debug|x64.Build.0 = Debug|Any CPU
		{F4099BA0-FFC8-4AB0-9071-78ACF6CB1FCC}.Debug|x86.ActiveCfg = Debug|Any CPU
		{F4099BA0-FFC8-4AB0-9071-78ACF6CB1FCC}.Debug|x86.Build.0 = Debug|Any CPU
		{F4099BA0-FFC8-4AB0-9071-78ACF6CB1FCC}.Release|Any CPU.ActiveCfg = Release|Any CPU
		{F4099BA0-FFC8-4AB0-9071-78ACF6CB1FCC}.Release|Any CPU.Build.0 = Release|Any CPU
		{F4099BA0-FFC8-4AB0-9071-78ACF6CB1FCC}.Release|iPhone.ActiveCfg = Release|Any CPU
		{F4099BA0-FFC8-4AB0-9071-78ACF6CB1FCC}.Release|iPhone.Build.0 = Release|Any CPU
		{F4099BA0-FFC8-4AB0-9071-78ACF6CB1FCC}.Release|iPhoneSimulator.ActiveCfg = Release|Any CPU
		{F4099BA0-FFC8-4AB0-9071-78ACF6CB1FCC}.Release|iPhoneSimulator.Build.0 = Release|Any CPU
		{F4099BA0-FFC8-4AB0-9071-78ACF6CB1FCC}.Release|x64.ActiveCfg = Release|Any CPU
		{F4099BA0-FFC8-4AB0-9071-78ACF6CB1FCC}.Release|x64.Build.0 = Release|Any CPU
		{F4099BA0-FFC8-4AB0-9071-78ACF6CB1FCC}.Release|x86.ActiveCfg = Release|Any CPU
		{F4099BA0-FFC8-4AB0-9071-78ACF6CB1FCC}.Release|x86.Build.0 = Release|Any CPU
		{F4DDB55C-A241-442C-AED7-53B3095702FC}.Ad-Hoc|Any CPU.ActiveCfg = Debug|Any CPU
		{F4DDB55C-A241-442C-AED7-53B3095702FC}.Ad-Hoc|Any CPU.Build.0 = Debug|Any CPU
		{F4DDB55C-A241-442C-AED7-53B3095702FC}.Ad-Hoc|iPhone.ActiveCfg = Debug|Any CPU
		{F4DDB55C-A241-442C-AED7-53B3095702FC}.Ad-Hoc|iPhone.Build.0 = Debug|Any CPU
		{F4DDB55C-A241-442C-AED7-53B3095702FC}.Ad-Hoc|iPhoneSimulator.ActiveCfg = Debug|Any CPU
		{F4DDB55C-A241-442C-AED7-53B3095702FC}.Ad-Hoc|iPhoneSimulator.Build.0 = Debug|Any CPU
		{F4DDB55C-A241-442C-AED7-53B3095702FC}.Ad-Hoc|x64.ActiveCfg = Debug|Any CPU
		{F4DDB55C-A241-442C-AED7-53B3095702FC}.Ad-Hoc|x64.Build.0 = Debug|Any CPU
		{F4DDB55C-A241-442C-AED7-53B3095702FC}.Ad-Hoc|x86.ActiveCfg = Debug|Any CPU
		{F4DDB55C-A241-442C-AED7-53B3095702FC}.Ad-Hoc|x86.Build.0 = Debug|Any CPU
		{F4DDB55C-A241-442C-AED7-53B3095702FC}.AppStore|Any CPU.ActiveCfg = Debug|Any CPU
		{F4DDB55C-A241-442C-AED7-53B3095702FC}.AppStore|Any CPU.Build.0 = Debug|Any CPU
		{F4DDB55C-A241-442C-AED7-53B3095702FC}.AppStore|iPhone.ActiveCfg = Debug|Any CPU
		{F4DDB55C-A241-442C-AED7-53B3095702FC}.AppStore|iPhone.Build.0 = Debug|Any CPU
		{F4DDB55C-A241-442C-AED7-53B3095702FC}.AppStore|iPhoneSimulator.ActiveCfg = Debug|Any CPU
		{F4DDB55C-A241-442C-AED7-53B3095702FC}.AppStore|iPhoneSimulator.Build.0 = Debug|Any CPU
		{F4DDB55C-A241-442C-AED7-53B3095702FC}.AppStore|x64.ActiveCfg = Debug|Any CPU
		{F4DDB55C-A241-442C-AED7-53B3095702FC}.AppStore|x64.Build.0 = Debug|Any CPU
		{F4DDB55C-A241-442C-AED7-53B3095702FC}.AppStore|x86.ActiveCfg = Debug|Any CPU
		{F4DDB55C-A241-442C-AED7-53B3095702FC}.AppStore|x86.Build.0 = Debug|Any CPU
		{F4DDB55C-A241-442C-AED7-53B3095702FC}.Debug|Any CPU.ActiveCfg = Debug|Any CPU
		{F4DDB55C-A241-442C-AED7-53B3095702FC}.Debug|Any CPU.Build.0 = Debug|Any CPU
		{F4DDB55C-A241-442C-AED7-53B3095702FC}.Debug|iPhone.ActiveCfg = Debug|Any CPU
		{F4DDB55C-A241-442C-AED7-53B3095702FC}.Debug|iPhone.Build.0 = Debug|Any CPU
		{F4DDB55C-A241-442C-AED7-53B3095702FC}.Debug|iPhoneSimulator.ActiveCfg = Debug|Any CPU
		{F4DDB55C-A241-442C-AED7-53B3095702FC}.Debug|iPhoneSimulator.Build.0 = Debug|Any CPU
		{F4DDB55C-A241-442C-AED7-53B3095702FC}.Debug|x64.ActiveCfg = Debug|Any CPU
		{F4DDB55C-A241-442C-AED7-53B3095702FC}.Debug|x64.Build.0 = Debug|Any CPU
		{F4DDB55C-A241-442C-AED7-53B3095702FC}.Debug|x86.ActiveCfg = Debug|Any CPU
		{F4DDB55C-A241-442C-AED7-53B3095702FC}.Debug|x86.Build.0 = Debug|Any CPU
		{F4DDB55C-A241-442C-AED7-53B3095702FC}.Release|Any CPU.ActiveCfg = Release|Any CPU
		{F4DDB55C-A241-442C-AED7-53B3095702FC}.Release|Any CPU.Build.0 = Release|Any CPU
		{F4DDB55C-A241-442C-AED7-53B3095702FC}.Release|iPhone.ActiveCfg = Release|Any CPU
		{F4DDB55C-A241-442C-AED7-53B3095702FC}.Release|iPhone.Build.0 = Release|Any CPU
		{F4DDB55C-A241-442C-AED7-53B3095702FC}.Release|iPhoneSimulator.ActiveCfg = Release|Any CPU
		{F4DDB55C-A241-442C-AED7-53B3095702FC}.Release|iPhoneSimulator.Build.0 = Release|Any CPU
		{F4DDB55C-A241-442C-AED7-53B3095702FC}.Release|x64.ActiveCfg = Release|Any CPU
		{F4DDB55C-A241-442C-AED7-53B3095702FC}.Release|x64.Build.0 = Release|Any CPU
		{F4DDB55C-A241-442C-AED7-53B3095702FC}.Release|x86.ActiveCfg = Release|Any CPU
		{F4DDB55C-A241-442C-AED7-53B3095702FC}.Release|x86.Build.0 = Release|Any CPU
		{5CC149AB-8A89-42E2-8D85-32C4B31B5F79}.Ad-Hoc|Any CPU.ActiveCfg = Debug|Any CPU
		{5CC149AB-8A89-42E2-8D85-32C4B31B5F79}.Ad-Hoc|Any CPU.Build.0 = Debug|Any CPU
		{5CC149AB-8A89-42E2-8D85-32C4B31B5F79}.Ad-Hoc|iPhone.ActiveCfg = Debug|Any CPU
		{5CC149AB-8A89-42E2-8D85-32C4B31B5F79}.Ad-Hoc|iPhone.Build.0 = Debug|Any CPU
		{5CC149AB-8A89-42E2-8D85-32C4B31B5F79}.Ad-Hoc|iPhoneSimulator.ActiveCfg = Debug|Any CPU
		{5CC149AB-8A89-42E2-8D85-32C4B31B5F79}.Ad-Hoc|iPhoneSimulator.Build.0 = Debug|Any CPU
		{5CC149AB-8A89-42E2-8D85-32C4B31B5F79}.Ad-Hoc|x64.ActiveCfg = Debug|Any CPU
		{5CC149AB-8A89-42E2-8D85-32C4B31B5F79}.Ad-Hoc|x64.Build.0 = Debug|Any CPU
		{5CC149AB-8A89-42E2-8D85-32C4B31B5F79}.Ad-Hoc|x86.ActiveCfg = Debug|Any CPU
		{5CC149AB-8A89-42E2-8D85-32C4B31B5F79}.Ad-Hoc|x86.Build.0 = Debug|Any CPU
		{5CC149AB-8A89-42E2-8D85-32C4B31B5F79}.AppStore|Any CPU.ActiveCfg = Debug|Any CPU
		{5CC149AB-8A89-42E2-8D85-32C4B31B5F79}.AppStore|Any CPU.Build.0 = Debug|Any CPU
		{5CC149AB-8A89-42E2-8D85-32C4B31B5F79}.AppStore|iPhone.ActiveCfg = Debug|Any CPU
		{5CC149AB-8A89-42E2-8D85-32C4B31B5F79}.AppStore|iPhone.Build.0 = Debug|Any CPU
		{5CC149AB-8A89-42E2-8D85-32C4B31B5F79}.AppStore|iPhoneSimulator.ActiveCfg = Debug|Any CPU
		{5CC149AB-8A89-42E2-8D85-32C4B31B5F79}.AppStore|iPhoneSimulator.Build.0 = Debug|Any CPU
		{5CC149AB-8A89-42E2-8D85-32C4B31B5F79}.AppStore|x64.ActiveCfg = Debug|Any CPU
		{5CC149AB-8A89-42E2-8D85-32C4B31B5F79}.AppStore|x64.Build.0 = Debug|Any CPU
		{5CC149AB-8A89-42E2-8D85-32C4B31B5F79}.AppStore|x86.ActiveCfg = Debug|Any CPU
		{5CC149AB-8A89-42E2-8D85-32C4B31B5F79}.AppStore|x86.Build.0 = Debug|Any CPU
		{5CC149AB-8A89-42E2-8D85-32C4B31B5F79}.Debug|Any CPU.ActiveCfg = Debug|Any CPU
		{5CC149AB-8A89-42E2-8D85-32C4B31B5F79}.Debug|Any CPU.Build.0 = Debug|Any CPU
		{5CC149AB-8A89-42E2-8D85-32C4B31B5F79}.Debug|iPhone.ActiveCfg = Debug|Any CPU
		{5CC149AB-8A89-42E2-8D85-32C4B31B5F79}.Debug|iPhone.Build.0 = Debug|Any CPU
		{5CC149AB-8A89-42E2-8D85-32C4B31B5F79}.Debug|iPhoneSimulator.ActiveCfg = Debug|Any CPU
		{5CC149AB-8A89-42E2-8D85-32C4B31B5F79}.Debug|iPhoneSimulator.Build.0 = Debug|Any CPU
		{5CC149AB-8A89-42E2-8D85-32C4B31B5F79}.Debug|x64.ActiveCfg = Debug|Any CPU
		{5CC149AB-8A89-42E2-8D85-32C4B31B5F79}.Debug|x64.Build.0 = Debug|Any CPU
		{5CC149AB-8A89-42E2-8D85-32C4B31B5F79}.Debug|x86.ActiveCfg = Debug|Any CPU
		{5CC149AB-8A89-42E2-8D85-32C4B31B5F79}.Debug|x86.Build.0 = Debug|Any CPU
		{5CC149AB-8A89-42E2-8D85-32C4B31B5F79}.Release|Any CPU.ActiveCfg = Release|Any CPU
		{5CC149AB-8A89-42E2-8D85-32C4B31B5F79}.Release|Any CPU.Build.0 = Release|Any CPU
		{5CC149AB-8A89-42E2-8D85-32C4B31B5F79}.Release|iPhone.ActiveCfg = Release|Any CPU
		{5CC149AB-8A89-42E2-8D85-32C4B31B5F79}.Release|iPhone.Build.0 = Release|Any CPU
		{5CC149AB-8A89-42E2-8D85-32C4B31B5F79}.Release|iPhoneSimulator.ActiveCfg = Release|Any CPU
		{5CC149AB-8A89-42E2-8D85-32C4B31B5F79}.Release|iPhoneSimulator.Build.0 = Release|Any CPU
		{5CC149AB-8A89-42E2-8D85-32C4B31B5F79}.Release|x64.ActiveCfg = Release|Any CPU
		{5CC149AB-8A89-42E2-8D85-32C4B31B5F79}.Release|x64.Build.0 = Release|Any CPU
		{5CC149AB-8A89-42E2-8D85-32C4B31B5F79}.Release|x86.ActiveCfg = Release|Any CPU
		{5CC149AB-8A89-42E2-8D85-32C4B31B5F79}.Release|x86.Build.0 = Release|Any CPU
		{206C9EB6-5085-4F65-BD83-663DFF707E94}.Ad-Hoc|Any CPU.ActiveCfg = Debug|Any CPU
		{206C9EB6-5085-4F65-BD83-663DFF707E94}.Ad-Hoc|Any CPU.Build.0 = Debug|Any CPU
		{206C9EB6-5085-4F65-BD83-663DFF707E94}.Ad-Hoc|iPhone.ActiveCfg = Debug|Any CPU
		{206C9EB6-5085-4F65-BD83-663DFF707E94}.Ad-Hoc|iPhone.Build.0 = Debug|Any CPU
		{206C9EB6-5085-4F65-BD83-663DFF707E94}.Ad-Hoc|iPhoneSimulator.ActiveCfg = Debug|Any CPU
		{206C9EB6-5085-4F65-BD83-663DFF707E94}.Ad-Hoc|iPhoneSimulator.Build.0 = Debug|Any CPU
		{206C9EB6-5085-4F65-BD83-663DFF707E94}.Ad-Hoc|x64.ActiveCfg = Debug|Any CPU
		{206C9EB6-5085-4F65-BD83-663DFF707E94}.Ad-Hoc|x64.Build.0 = Debug|Any CPU
		{206C9EB6-5085-4F65-BD83-663DFF707E94}.Ad-Hoc|x86.ActiveCfg = Debug|Any CPU
		{206C9EB6-5085-4F65-BD83-663DFF707E94}.Ad-Hoc|x86.Build.0 = Debug|Any CPU
		{206C9EB6-5085-4F65-BD83-663DFF707E94}.AppStore|Any CPU.ActiveCfg = Debug|Any CPU
		{206C9EB6-5085-4F65-BD83-663DFF707E94}.AppStore|Any CPU.Build.0 = Debug|Any CPU
		{206C9EB6-5085-4F65-BD83-663DFF707E94}.AppStore|iPhone.ActiveCfg = Debug|Any CPU
		{206C9EB6-5085-4F65-BD83-663DFF707E94}.AppStore|iPhone.Build.0 = Debug|Any CPU
		{206C9EB6-5085-4F65-BD83-663DFF707E94}.AppStore|iPhoneSimulator.ActiveCfg = Debug|Any CPU
		{206C9EB6-5085-4F65-BD83-663DFF707E94}.AppStore|iPhoneSimulator.Build.0 = Debug|Any CPU
		{206C9EB6-5085-4F65-BD83-663DFF707E94}.AppStore|x64.ActiveCfg = Debug|Any CPU
		{206C9EB6-5085-4F65-BD83-663DFF707E94}.AppStore|x64.Build.0 = Debug|Any CPU
		{206C9EB6-5085-4F65-BD83-663DFF707E94}.AppStore|x86.ActiveCfg = Debug|Any CPU
		{206C9EB6-5085-4F65-BD83-663DFF707E94}.AppStore|x86.Build.0 = Debug|Any CPU
		{206C9EB6-5085-4F65-BD83-663DFF707E94}.Debug|Any CPU.ActiveCfg = Debug|Any CPU
		{206C9EB6-5085-4F65-BD83-663DFF707E94}.Debug|Any CPU.Build.0 = Debug|Any CPU
		{206C9EB6-5085-4F65-BD83-663DFF707E94}.Debug|iPhone.ActiveCfg = Debug|Any CPU
		{206C9EB6-5085-4F65-BD83-663DFF707E94}.Debug|iPhone.Build.0 = Debug|Any CPU
		{206C9EB6-5085-4F65-BD83-663DFF707E94}.Debug|iPhoneSimulator.ActiveCfg = Debug|Any CPU
		{206C9EB6-5085-4F65-BD83-663DFF707E94}.Debug|iPhoneSimulator.Build.0 = Debug|Any CPU
		{206C9EB6-5085-4F65-BD83-663DFF707E94}.Debug|x64.ActiveCfg = Debug|Any CPU
		{206C9EB6-5085-4F65-BD83-663DFF707E94}.Debug|x64.Build.0 = Debug|Any CPU
		{206C9EB6-5085-4F65-BD83-663DFF707E94}.Debug|x86.ActiveCfg = Debug|Any CPU
		{206C9EB6-5085-4F65-BD83-663DFF707E94}.Debug|x86.Build.0 = Debug|Any CPU
		{206C9EB6-5085-4F65-BD83-663DFF707E94}.Release|Any CPU.ActiveCfg = Release|Any CPU
		{206C9EB6-5085-4F65-BD83-663DFF707E94}.Release|Any CPU.Build.0 = Release|Any CPU
		{206C9EB6-5085-4F65-BD83-663DFF707E94}.Release|iPhone.ActiveCfg = Release|Any CPU
		{206C9EB6-5085-4F65-BD83-663DFF707E94}.Release|iPhone.Build.0 = Release|Any CPU
		{206C9EB6-5085-4F65-BD83-663DFF707E94}.Release|iPhoneSimulator.ActiveCfg = Release|Any CPU
		{206C9EB6-5085-4F65-BD83-663DFF707E94}.Release|iPhoneSimulator.Build.0 = Release|Any CPU
		{206C9EB6-5085-4F65-BD83-663DFF707E94}.Release|x64.ActiveCfg = Release|Any CPU
		{206C9EB6-5085-4F65-BD83-663DFF707E94}.Release|x64.Build.0 = Release|Any CPU
		{206C9EB6-5085-4F65-BD83-663DFF707E94}.Release|x86.ActiveCfg = Release|Any CPU
		{206C9EB6-5085-4F65-BD83-663DFF707E94}.Release|x86.Build.0 = Release|Any CPU
		{F4FA08FD-43C8-4C97-A5A3-BDF1FA34BDCE}.Ad-Hoc|Any CPU.ActiveCfg = Debug|Any CPU
		{F4FA08FD-43C8-4C97-A5A3-BDF1FA34BDCE}.Ad-Hoc|Any CPU.Build.0 = Debug|Any CPU
		{F4FA08FD-43C8-4C97-A5A3-BDF1FA34BDCE}.Ad-Hoc|iPhone.ActiveCfg = Debug|Any CPU
		{F4FA08FD-43C8-4C97-A5A3-BDF1FA34BDCE}.Ad-Hoc|iPhone.Build.0 = Debug|Any CPU
		{F4FA08FD-43C8-4C97-A5A3-BDF1FA34BDCE}.Ad-Hoc|iPhoneSimulator.ActiveCfg = Debug|Any CPU
		{F4FA08FD-43C8-4C97-A5A3-BDF1FA34BDCE}.Ad-Hoc|iPhoneSimulator.Build.0 = Debug|Any CPU
		{F4FA08FD-43C8-4C97-A5A3-BDF1FA34BDCE}.Ad-Hoc|x64.ActiveCfg = Debug|Any CPU
		{F4FA08FD-43C8-4C97-A5A3-BDF1FA34BDCE}.Ad-Hoc|x64.Build.0 = Debug|Any CPU
		{F4FA08FD-43C8-4C97-A5A3-BDF1FA34BDCE}.Ad-Hoc|x86.ActiveCfg = Debug|Any CPU
		{F4FA08FD-43C8-4C97-A5A3-BDF1FA34BDCE}.Ad-Hoc|x86.Build.0 = Debug|Any CPU
		{F4FA08FD-43C8-4C97-A5A3-BDF1FA34BDCE}.AppStore|Any CPU.ActiveCfg = Debug|Any CPU
		{F4FA08FD-43C8-4C97-A5A3-BDF1FA34BDCE}.AppStore|Any CPU.Build.0 = Debug|Any CPU
		{F4FA08FD-43C8-4C97-A5A3-BDF1FA34BDCE}.AppStore|iPhone.ActiveCfg = Debug|Any CPU
		{F4FA08FD-43C8-4C97-A5A3-BDF1FA34BDCE}.AppStore|iPhone.Build.0 = Debug|Any CPU
		{F4FA08FD-43C8-4C97-A5A3-BDF1FA34BDCE}.AppStore|iPhoneSimulator.ActiveCfg = Debug|Any CPU
		{F4FA08FD-43C8-4C97-A5A3-BDF1FA34BDCE}.AppStore|iPhoneSimulator.Build.0 = Debug|Any CPU
		{F4FA08FD-43C8-4C97-A5A3-BDF1FA34BDCE}.AppStore|x64.ActiveCfg = Debug|Any CPU
		{F4FA08FD-43C8-4C97-A5A3-BDF1FA34BDCE}.AppStore|x64.Build.0 = Debug|Any CPU
		{F4FA08FD-43C8-4C97-A5A3-BDF1FA34BDCE}.AppStore|x86.ActiveCfg = Debug|Any CPU
		{F4FA08FD-43C8-4C97-A5A3-BDF1FA34BDCE}.AppStore|x86.Build.0 = Debug|Any CPU
		{F4FA08FD-43C8-4C97-A5A3-BDF1FA34BDCE}.Debug|Any CPU.ActiveCfg = Debug|Any CPU
		{F4FA08FD-43C8-4C97-A5A3-BDF1FA34BDCE}.Debug|Any CPU.Build.0 = Debug|Any CPU
		{F4FA08FD-43C8-4C97-A5A3-BDF1FA34BDCE}.Debug|iPhone.ActiveCfg = Debug|Any CPU
		{F4FA08FD-43C8-4C97-A5A3-BDF1FA34BDCE}.Debug|iPhone.Build.0 = Debug|Any CPU
		{F4FA08FD-43C8-4C97-A5A3-BDF1FA34BDCE}.Debug|iPhoneSimulator.ActiveCfg = Debug|Any CPU
		{F4FA08FD-43C8-4C97-A5A3-BDF1FA34BDCE}.Debug|iPhoneSimulator.Build.0 = Debug|Any CPU
		{F4FA08FD-43C8-4C97-A5A3-BDF1FA34BDCE}.Debug|x64.ActiveCfg = Debug|Any CPU
		{F4FA08FD-43C8-4C97-A5A3-BDF1FA34BDCE}.Debug|x64.Build.0 = Debug|Any CPU
		{F4FA08FD-43C8-4C97-A5A3-BDF1FA34BDCE}.Debug|x86.ActiveCfg = Debug|Any CPU
		{F4FA08FD-43C8-4C97-A5A3-BDF1FA34BDCE}.Debug|x86.Build.0 = Debug|Any CPU
		{F4FA08FD-43C8-4C97-A5A3-BDF1FA34BDCE}.Release|Any CPU.ActiveCfg = Release|Any CPU
		{F4FA08FD-43C8-4C97-A5A3-BDF1FA34BDCE}.Release|Any CPU.Build.0 = Release|Any CPU
		{F4FA08FD-43C8-4C97-A5A3-BDF1FA34BDCE}.Release|iPhone.ActiveCfg = Release|Any CPU
		{F4FA08FD-43C8-4C97-A5A3-BDF1FA34BDCE}.Release|iPhone.Build.0 = Release|Any CPU
		{F4FA08FD-43C8-4C97-A5A3-BDF1FA34BDCE}.Release|iPhoneSimulator.ActiveCfg = Release|Any CPU
		{F4FA08FD-43C8-4C97-A5A3-BDF1FA34BDCE}.Release|iPhoneSimulator.Build.0 = Release|Any CPU
		{F4FA08FD-43C8-4C97-A5A3-BDF1FA34BDCE}.Release|x64.ActiveCfg = Release|Any CPU
		{F4FA08FD-43C8-4C97-A5A3-BDF1FA34BDCE}.Release|x64.Build.0 = Release|Any CPU
		{F4FA08FD-43C8-4C97-A5A3-BDF1FA34BDCE}.Release|x86.ActiveCfg = Release|Any CPU
		{F4FA08FD-43C8-4C97-A5A3-BDF1FA34BDCE}.Release|x86.Build.0 = Release|Any CPU
		{3FCD2CBE-1E86-4970-AA9B-9E80434FB4E4}.Ad-Hoc|Any CPU.ActiveCfg = Debug|Any CPU
		{3FCD2CBE-1E86-4970-AA9B-9E80434FB4E4}.Ad-Hoc|Any CPU.Build.0 = Debug|Any CPU
		{3FCD2CBE-1E86-4970-AA9B-9E80434FB4E4}.Ad-Hoc|iPhone.ActiveCfg = Debug|Any CPU
		{3FCD2CBE-1E86-4970-AA9B-9E80434FB4E4}.Ad-Hoc|iPhone.Build.0 = Debug|Any CPU
		{3FCD2CBE-1E86-4970-AA9B-9E80434FB4E4}.Ad-Hoc|iPhoneSimulator.ActiveCfg = Debug|Any CPU
		{3FCD2CBE-1E86-4970-AA9B-9E80434FB4E4}.Ad-Hoc|iPhoneSimulator.Build.0 = Debug|Any CPU
		{3FCD2CBE-1E86-4970-AA9B-9E80434FB4E4}.Ad-Hoc|x64.ActiveCfg = Debug|Any CPU
		{3FCD2CBE-1E86-4970-AA9B-9E80434FB4E4}.Ad-Hoc|x64.Build.0 = Debug|Any CPU
		{3FCD2CBE-1E86-4970-AA9B-9E80434FB4E4}.Ad-Hoc|x86.ActiveCfg = Debug|Any CPU
		{3FCD2CBE-1E86-4970-AA9B-9E80434FB4E4}.Ad-Hoc|x86.Build.0 = Debug|Any CPU
		{3FCD2CBE-1E86-4970-AA9B-9E80434FB4E4}.AppStore|Any CPU.ActiveCfg = Debug|Any CPU
		{3FCD2CBE-1E86-4970-AA9B-9E80434FB4E4}.AppStore|Any CPU.Build.0 = Debug|Any CPU
		{3FCD2CBE-1E86-4970-AA9B-9E80434FB4E4}.AppStore|iPhone.ActiveCfg = Debug|Any CPU
		{3FCD2CBE-1E86-4970-AA9B-9E80434FB4E4}.AppStore|iPhone.Build.0 = Debug|Any CPU
		{3FCD2CBE-1E86-4970-AA9B-9E80434FB4E4}.AppStore|iPhoneSimulator.ActiveCfg = Debug|Any CPU
		{3FCD2CBE-1E86-4970-AA9B-9E80434FB4E4}.AppStore|iPhoneSimulator.Build.0 = Debug|Any CPU
		{3FCD2CBE-1E86-4970-AA9B-9E80434FB4E4}.AppStore|x64.ActiveCfg = Debug|Any CPU
		{3FCD2CBE-1E86-4970-AA9B-9E80434FB4E4}.AppStore|x64.Build.0 = Debug|Any CPU
		{3FCD2CBE-1E86-4970-AA9B-9E80434FB4E4}.AppStore|x86.ActiveCfg = Debug|Any CPU
		{3FCD2CBE-1E86-4970-AA9B-9E80434FB4E4}.AppStore|x86.Build.0 = Debug|Any CPU
		{3FCD2CBE-1E86-4970-AA9B-9E80434FB4E4}.Debug|Any CPU.ActiveCfg = Debug|Any CPU
		{3FCD2CBE-1E86-4970-AA9B-9E80434FB4E4}.Debug|Any CPU.Build.0 = Debug|Any CPU
		{3FCD2CBE-1E86-4970-AA9B-9E80434FB4E4}.Debug|iPhone.ActiveCfg = Debug|Any CPU
		{3FCD2CBE-1E86-4970-AA9B-9E80434FB4E4}.Debug|iPhone.Build.0 = Debug|Any CPU
		{3FCD2CBE-1E86-4970-AA9B-9E80434FB4E4}.Debug|iPhoneSimulator.ActiveCfg = Debug|Any CPU
		{3FCD2CBE-1E86-4970-AA9B-9E80434FB4E4}.Debug|iPhoneSimulator.Build.0 = Debug|Any CPU
		{3FCD2CBE-1E86-4970-AA9B-9E80434FB4E4}.Debug|x64.ActiveCfg = Debug|Any CPU
		{3FCD2CBE-1E86-4970-AA9B-9E80434FB4E4}.Debug|x64.Build.0 = Debug|Any CPU
		{3FCD2CBE-1E86-4970-AA9B-9E80434FB4E4}.Debug|x86.ActiveCfg = Debug|Any CPU
		{3FCD2CBE-1E86-4970-AA9B-9E80434FB4E4}.Debug|x86.Build.0 = Debug|Any CPU
		{3FCD2CBE-1E86-4970-AA9B-9E80434FB4E4}.Release|Any CPU.ActiveCfg = Release|Any CPU
		{3FCD2CBE-1E86-4970-AA9B-9E80434FB4E4}.Release|Any CPU.Build.0 = Release|Any CPU
		{3FCD2CBE-1E86-4970-AA9B-9E80434FB4E4}.Release|iPhone.ActiveCfg = Release|Any CPU
		{3FCD2CBE-1E86-4970-AA9B-9E80434FB4E4}.Release|iPhone.Build.0 = Release|Any CPU
		{3FCD2CBE-1E86-4970-AA9B-9E80434FB4E4}.Release|iPhoneSimulator.ActiveCfg = Release|Any CPU
		{3FCD2CBE-1E86-4970-AA9B-9E80434FB4E4}.Release|iPhoneSimulator.Build.0 = Release|Any CPU
		{3FCD2CBE-1E86-4970-AA9B-9E80434FB4E4}.Release|x64.ActiveCfg = Release|Any CPU
		{3FCD2CBE-1E86-4970-AA9B-9E80434FB4E4}.Release|x64.Build.0 = Release|Any CPU
		{3FCD2CBE-1E86-4970-AA9B-9E80434FB4E4}.Release|x86.ActiveCfg = Release|Any CPU
		{3FCD2CBE-1E86-4970-AA9B-9E80434FB4E4}.Release|x86.Build.0 = Release|Any CPU
	EndGlobalSection
	GlobalSection(SolutionProperties) = preSolution
		HideSolutionNode = FALSE
	EndGlobalSection
	GlobalSection(NestedProjects) = preSolution
		{773DA7CF-F485-4979-ACB4-33B52862D8E3} = {334C88FF-7847-4823-8ABE-ABB9E6B2FB37}
		{091ABEDD-9BF9-4039-AE66-3F8017013164} = {334C88FF-7847-4823-8ABE-ABB9E6B2FB37}
		{F4099BA0-FFC8-4AB0-9071-78ACF6CB1FCC} = {CF1A116E-3D3D-4C61-A556-414716793C08}
		{F4DDB55C-A241-442C-AED7-53B3095702FC} = {CF1A116E-3D3D-4C61-A556-414716793C08}
		{5CC149AB-8A89-42E2-8D85-32C4B31B5F79} = {334C88FF-7847-4823-8ABE-ABB9E6B2FB37}
		{206C9EB6-5085-4F65-BD83-663DFF707E94} = {CF1A116E-3D3D-4C61-A556-414716793C08}
		{F4FA08FD-43C8-4C97-A5A3-BDF1FA34BDCE} = {334C88FF-7847-4823-8ABE-ABB9E6B2FB37}
		{3FCD2CBE-1E86-4970-AA9B-9E80434FB4E4} = {CF1A116E-3D3D-4C61-A556-414716793C08}
	EndGlobalSection
	GlobalSection(ExtensibilityGlobals) = postSolution
		SolutionGuid = {D7F50BEE-266B-44C8-B768-D5789B396638}
	EndGlobalSection
EndGlobal
